// !$*UTF8*$!
{
	archiveVersion = 1;
	classes = {
	};
	objectVersion = 46;
	objects = {

/* Begin PBXBuildFile section */
		9B3A1A591EFBFC370093CC20 /* AppDelegate.swift in Sources */ = {isa = PBXBuildFile; fileRef = 9B3A1A581EFBFC370093CC20 /* AppDelegate.swift */; };
		9B3A1A5B1EFBFC370093CC20 /* ViewController.swift in Sources */ = {isa = PBXBuildFile; fileRef = 9B3A1A5A1EFBFC370093CC20 /* ViewController.swift */; };
		9B3A1A5E1EFBFC370093CC20 /* Main.storyboard in Resources */ = {isa = PBXBuildFile; fileRef = 9B3A1A5C1EFBFC370093CC20 /* Main.storyboard */; };
		9B3A1A601EFBFC370093CC20 /* Assets.xcassets in Resources */ = {isa = PBXBuildFile; fileRef = 9B3A1A5F1EFBFC370093CC20 /* Assets.xcassets */; };
		9B3A1A631EFBFC370093CC20 /* LaunchScreen.storyboard in Resources */ = {isa = PBXBuildFile; fileRef = 9B3A1A611EFBFC370093CC20 /* LaunchScreen.storyboard */; };
		9B3A1A6E1EFBFC370093CC20 /* intervaltimerTests.swift in Sources */ = {isa = PBXBuildFile; fileRef = 9B3A1A6D1EFBFC370093CC20 /* intervaltimerTests.swift */; };
		9B3A1A791EFBFC370093CC20 /* intervaltimerUITests.swift in Sources */ = {isa = PBXBuildFile; fileRef = 9B3A1A781EFBFC370093CC20 /* intervaltimerUITests.swift */; };
		9B539C641EFFD3FD00C60EA5 /* makeUIView.swift in Sources */ = {isa = PBXBuildFile; fileRef = 9B539C631EFFD3FD00C60EA5 /* makeUIView.swift */; };
		9BB114BD1F0548C000E351FF /* AudioToolbox.framework in Frameworks */ = {isa = PBXBuildFile; fileRef = 9BB114BC1F0548C000E351FF /* AudioToolbox.framework */; };
		9BB356351F262D3E004575B6 /* data in Resources */ = {isa = PBXBuildFile; fileRef = 9BB356341F262D3E004575B6 /* data */; };
/* End PBXBuildFile section */

/* Begin PBXContainerItemProxy section */
		9B3A1A6A1EFBFC370093CC20 /* PBXContainerItemProxy */ = {
			isa = PBXContainerItemProxy;
			containerPortal = 9B3A1A4D1EFBFC370093CC20 /* Project object */;
			proxyType = 1;
			remoteGlobalIDString = 9B3A1A541EFBFC370093CC20;
			remoteInfo = intervaltimer;
		};
		9B3A1A751EFBFC370093CC20 /* PBXContainerItemProxy */ = {
			isa = PBXContainerItemProxy;
			containerPortal = 9B3A1A4D1EFBFC370093CC20 /* Project object */;
			proxyType = 1;
			remoteGlobalIDString = 9B3A1A541EFBFC370093CC20;
			remoteInfo = intervaltimer;
		};
/* End PBXContainerItemProxy section */

/* Begin PBXFileReference section */
		9B3A1A551EFBFC370093CC20 /* intervaltimer.app */ = {isa = PBXFileReference; explicitFileType = wrapper.application; includeInIndex = 0; path = intervaltimer.app; sourceTree = BUILT_PRODUCTS_DIR; };
		9B3A1A581EFBFC370093CC20 /* AppDelegate.swift */ = {isa = PBXFileReference; lastKnownFileType = sourcecode.swift; path = AppDelegate.swift; sourceTree = "<group>"; };
		9B3A1A5A1EFBFC370093CC20 /* ViewController.swift */ = {isa = PBXFileReference; lastKnownFileType = sourcecode.swift; path = ViewController.swift; sourceTree = "<group>"; };
		9B3A1A5D1EFBFC370093CC20 /* Base */ = {isa = PBXFileReference; lastKnownFileType = file.storyboard; name = Base; path = Base.lproj/Main.storyboard; sourceTree = "<group>"; };
		9B3A1A5F1EFBFC370093CC20 /* Assets.xcassets */ = {isa = PBXFileReference; lastKnownFileType = folder.assetcatalog; path = Assets.xcassets; sourceTree = "<group>"; };
		9B3A1A621EFBFC370093CC20 /* Base */ = {isa = PBXFileReference; lastKnownFileType = file.storyboard; name = Base; path = Base.lproj/LaunchScreen.storyboard; sourceTree = "<group>"; };
		9B3A1A641EFBFC370093CC20 /* Info.plist */ = {isa = PBXFileReference; lastKnownFileType = text.plist.xml; path = Info.plist; sourceTree = "<group>"; };
		9B3A1A691EFBFC370093CC20 /* intervaltimerTests.xctest */ = {isa = PBXFileReference; explicitFileType = wrapper.cfbundle; includeInIndex = 0; path = intervaltimerTests.xctest; sourceTree = BUILT_PRODUCTS_DIR; };
		9B3A1A6D1EFBFC370093CC20 /* intervaltimerTests.swift */ = {isa = PBXFileReference; lastKnownFileType = sourcecode.swift; path = intervaltimerTests.swift; sourceTree = "<group>"; };
		9B3A1A6F1EFBFC370093CC20 /* Info.plist */ = {isa = PBXFileReference; lastKnownFileType = text.plist.xml; path = Info.plist; sourceTree = "<group>"; };
		9B3A1A741EFBFC370093CC20 /* intervaltimerUITests.xctest */ = {isa = PBXFileReference; explicitFileType = wrapper.cfbundle; includeInIndex = 0; path = intervaltimerUITests.xctest; sourceTree = BUILT_PRODUCTS_DIR; };
		9B3A1A781EFBFC370093CC20 /* intervaltimerUITests.swift */ = {isa = PBXFileReference; lastKnownFileType = sourcecode.swift; path = intervaltimerUITests.swift; sourceTree = "<group>"; };
		9B3A1A7A1EFBFC370093CC20 /* Info.plist */ = {isa = PBXFileReference; lastKnownFileType = text.plist.xml; path = Info.plist; sourceTree = "<group>"; };
		9B539C631EFFD3FD00C60EA5 /* makeUIView.swift */ = {isa = PBXFileReference; fileEncoding = 4; lastKnownFileType = sourcecode.swift; path = makeUIView.swift; sourceTree = "<group>"; };
		9BB114BC1F0548C000E351FF /* AudioToolbox.framework */ = {isa = PBXFileReference; lastKnownFileType = wrapper.framework; name = AudioToolbox.framework; path = System/Library/Frameworks/AudioToolbox.framework; sourceTree = SDKROOT; };
		9BB356341F262D3E004575B6 /* data */ = {isa = PBXFileReference; lastKnownFileType = folder; path = data; sourceTree = "<group>"; };
/* End PBXFileReference section */

/* Begin PBXFrameworksBuildPhase section */
		9B3A1A521EFBFC370093CC20 /* Frameworks */ = {
			isa = PBXFrameworksBuildPhase;
			buildActionMask = 2147483647;
			files = (
				9BB114BD1F0548C000E351FF /* AudioToolbox.framework in Frameworks */,
			);
			runOnlyForDeploymentPostprocessing = 0;
		};
		9B3A1A661EFBFC370093CC20 /* Frameworks */ = {
			isa = PBXFrameworksBuildPhase;
			buildActionMask = 2147483647;
			files = (
			);
			runOnlyForDeploymentPostprocessing = 0;
		};
		9B3A1A711EFBFC370093CC20 /* Frameworks */ = {
			isa = PBXFrameworksBuildPhase;
			buildActionMask = 2147483647;
			files = (
			);
			runOnlyForDeploymentPostprocessing = 0;
		};
/* End PBXFrameworksBuildPhase section */

/* Begin PBXGroup section */
		9B3A1A4C1EFBFC370093CC20 = {
			isa = PBXGroup;
			children = (
				9B3A1A571EFBFC370093CC20 /* intervaltimer */,
				9BB356341F262D3E004575B6 /* data */,
				9B3A1A6C1EFBFC370093CC20 /* intervaltimerTests */,
				9B3A1A771EFBFC370093CC20 /* intervaltimerUITests */,
				9B3A1A561EFBFC370093CC20 /* Products */,
				9BB114BB1F0548C000E351FF /* Frameworks */,
			);
			sourceTree = "<group>";
		};
		9B3A1A561EFBFC370093CC20 /* Products */ = {
			isa = PBXGroup;
			children = (
				9B3A1A551EFBFC370093CC20 /* intervaltimer.app */,
				9B3A1A691EFBFC370093CC20 /* intervaltimerTests.xctest */,
				9B3A1A741EFBFC370093CC20 /* intervaltimerUITests.xctest */,
			);
			name = Products;
			sourceTree = "<group>";
		};
		9B3A1A571EFBFC370093CC20 /* intervaltimer */ = {
			isa = PBXGroup;
			children = (
				9B3A1A581EFBFC370093CC20 /* AppDelegate.swift */,
				9B3A1A5A1EFBFC370093CC20 /* ViewController.swift */,
				9B539C631EFFD3FD00C60EA5 /* makeUIView.swift */,
				9B3A1A5C1EFBFC370093CC20 /* Main.storyboard */,
				9B3A1A5F1EFBFC370093CC20 /* Assets.xcassets */,
				9B3A1A611EFBFC370093CC20 /* LaunchScreen.storyboard */,
				9B3A1A641EFBFC370093CC20 /* Info.plist */,
			);
			path = intervaltimer;
			sourceTree = "<group>";
		};
		9B3A1A6C1EFBFC370093CC20 /* intervaltimerTests */ = {
			isa = PBXGroup;
			children = (
				9B3A1A6D1EFBFC370093CC20 /* intervaltimerTests.swift */,
				9B3A1A6F1EFBFC370093CC20 /* Info.plist */,
			);
			path = intervaltimerTests;
			sourceTree = "<group>";
		};
		9B3A1A771EFBFC370093CC20 /* intervaltimerUITests */ = {
			isa = PBXGroup;
			children = (
				9B3A1A781EFBFC370093CC20 /* intervaltimerUITests.swift */,
				9B3A1A7A1EFBFC370093CC20 /* Info.plist */,
			);
			path = intervaltimerUITests;
			sourceTree = "<group>";
		};
		9BB114BB1F0548C000E351FF /* Frameworks */ = {
			isa = PBXGroup;
			children = (
				9BB114BC1F0548C000E351FF /* AudioToolbox.framework */,
			);
			name = Frameworks;
			sourceTree = "<group>";
		};
/* End PBXGroup section */

/* Begin PBXNativeTarget section */
		9B3A1A541EFBFC370093CC20 /* intervaltimer */ = {
			isa = PBXNativeTarget;
			buildConfigurationList = 9B3A1A7D1EFBFC370093CC20 /* Build configuration list for PBXNativeTarget "intervaltimer" */;
			buildPhases = (
				9B3A1A511EFBFC370093CC20 /* Sources */,
				9B3A1A521EFBFC370093CC20 /* Frameworks */,
				9B3A1A531EFBFC370093CC20 /* Resources */,
			);
			buildRules = (
			);
			dependencies = (
			);
			name = intervaltimer;
			productName = intervaltimer;
			productReference = 9B3A1A551EFBFC370093CC20 /* intervaltimer.app */;
			productType = "com.apple.product-type.application";
		};
		9B3A1A681EFBFC370093CC20 /* intervaltimerTests */ = {
			isa = PBXNativeTarget;
			buildConfigurationList = 9B3A1A801EFBFC370093CC20 /* Build configuration list for PBXNativeTarget "intervaltimerTests" */;
			buildPhases = (
				9B3A1A651EFBFC370093CC20 /* Sources */,
				9B3A1A661EFBFC370093CC20 /* Frameworks */,
				9B3A1A671EFBFC370093CC20 /* Resources */,
			);
			buildRules = (
			);
			dependencies = (
				9B3A1A6B1EFBFC370093CC20 /* PBXTargetDependency */,
			);
			name = intervaltimerTests;
			productName = intervaltimerTests;
			productReference = 9B3A1A691EFBFC370093CC20 /* intervaltimerTests.xctest */;
			productType = "com.apple.product-type.bundle.unit-test";
		};
		9B3A1A731EFBFC370093CC20 /* intervaltimerUITests */ = {
			isa = PBXNativeTarget;
			buildConfigurationList = 9B3A1A831EFBFC370093CC20 /* Build configuration list for PBXNativeTarget "intervaltimerUITests" */;
			buildPhases = (
				9B3A1A701EFBFC370093CC20 /* Sources */,
				9B3A1A711EFBFC370093CC20 /* Frameworks */,
				9B3A1A721EFBFC370093CC20 /* Resources */,
			);
			buildRules = (
			);
			dependencies = (
				9B3A1A761EFBFC370093CC20 /* PBXTargetDependency */,
			);
			name = intervaltimerUITests;
			productName = intervaltimerUITests;
			productReference = 9B3A1A741EFBFC370093CC20 /* intervaltimerUITests.xctest */;
			productType = "com.apple.product-type.bundle.ui-testing";
		};
/* End PBXNativeTarget section */

/* Begin PBXProject section */
		9B3A1A4D1EFBFC370093CC20 /* Project object */ = {
			isa = PBXProject;
			attributes = {
				LastSwiftUpdateCheck = 0830;
				LastUpgradeCheck = 0830;
				ORGANIZATIONNAME = AIT;
				TargetAttributes = {
					9B3A1A541EFBFC370093CC20 = {
						CreatedOnToolsVersion = 8.3.2;
						DevelopmentTeam = 2VJ845FGTT;
						ProvisioningStyle = Automatic;
						SystemCapabilities = {
							com.apple.BackgroundModes = {
								enabled = 1;
							};
						};
					};
					9B3A1A681EFBFC370093CC20 = {
						CreatedOnToolsVersion = 8.3.2;
						ProvisioningStyle = Automatic;
						TestTargetID = 9B3A1A541EFBFC370093CC20;
					};
					9B3A1A731EFBFC370093CC20 = {
						CreatedOnToolsVersion = 8.3.2;
						ProvisioningStyle = Automatic;
						TestTargetID = 9B3A1A541EFBFC370093CC20;
					};
				};
			};
			buildConfigurationList = 9B3A1A501EFBFC370093CC20 /* Build configuration list for PBXProject "intervaltimer" */;
			compatibilityVersion = "Xcode 3.2";
			developmentRegion = English;
			hasScannedForEncodings = 0;
			knownRegions = (
				en,
				Base,
			);
			mainGroup = 9B3A1A4C1EFBFC370093CC20;
			productRefGroup = 9B3A1A561EFBFC370093CC20 /* Products */;
			projectDirPath = "";
			projectRoot = "";
			targets = (
				9B3A1A541EFBFC370093CC20 /* intervaltimer */,
				9B3A1A681EFBFC370093CC20 /* intervaltimerTests */,
				9B3A1A731EFBFC370093CC20 /* intervaltimerUITests */,
			);
		};
/* End PBXProject section */

/* Begin PBXResourcesBuildPhase section */
		9B3A1A531EFBFC370093CC20 /* Resources */ = {
			isa = PBXResourcesBuildPhase;
			buildActionMask = 2147483647;
			files = (
				9B3A1A631EFBFC370093CC20 /* LaunchScreen.storyboard in Resources */,
				9B3A1A601EFBFC370093CC20 /* Assets.xcassets in Resources */,
				9BB356351F262D3E004575B6 /* data in Resources */,
				9B3A1A5E1EFBFC370093CC20 /* Main.storyboard in Resources */,
			);
			runOnlyForDeploymentPostprocessing = 0;
		};
		9B3A1A671EFBFC370093CC20 /* Resources */ = {
			isa = PBXResourcesBuildPhase;
			buildActionMask = 2147483647;
			files = (
			);
			runOnlyForDeploymentPostprocessing = 0;
		};
		9B3A1A721EFBFC370093CC20 /* Resources */ = {
			isa = PBXResourcesBuildPhase;
			buildActionMask = 2147483647;
			files = (
			);
			runOnlyForDeploymentPostprocessing = 0;
		};
/* End PBXResourcesBuildPhase section */

/* Begin PBXSourcesBuildPhase section */
		9B3A1A511EFBFC370093CC20 /* Sources */ = {
			isa = PBXSourcesBuildPhase;
			buildActionMask = 2147483647;
			files = (
				9B3A1A5B1EFBFC370093CC20 /* ViewController.swift in Sources */,
				9B3A1A591EFBFC370093CC20 /* AppDelegate.swift in Sources */,
				9B539C641EFFD3FD00C60EA5 /* makeUIView.swift in Sources */,
			);
			runOnlyForDeploymentPostprocessing = 0;
		};
		9B3A1A651EFBFC370093CC20 /* Sources */ = {
			isa = PBXSourcesBuildPhase;
			buildActionMask = 2147483647;
			files = (
				9B3A1A6E1EFBFC370093CC20 /* intervaltimerTests.swift in Sources */,
			);
			runOnlyForDeploymentPostprocessing = 0;
		};
		9B3A1A701EFBFC370093CC20 /* Sources */ = {
			isa = PBXSourcesBuildPhase;
			buildActionMask = 2147483647;
			files = (
				9B3A1A791EFBFC370093CC20 /* intervaltimerUITests.swift in Sources */,
			);
			runOnlyForDeploymentPostprocessing = 0;
		};
/* End PBXSourcesBuildPhase section */

/* Begin PBXTargetDependency section */
		9B3A1A6B1EFBFC370093CC20 /* PBXTargetDependency */ = {
			isa = PBXTargetDependency;
			target = 9B3A1A541EFBFC370093CC20 /* intervaltimer */;
			targetProxy = 9B3A1A6A1EFBFC370093CC20 /* PBXContainerItemProxy */;
		};
		9B3A1A761EFBFC370093CC20 /* PBXTargetDependency */ = {
			isa = PBXTargetDependency;
			target = 9B3A1A541EFBFC370093CC20 /* intervaltimer */;
			targetProxy = 9B3A1A751EFBFC370093CC20 /* PBXContainerItemProxy */;
		};
/* End PBXTargetDependency section */

/* Begin PBXVariantGroup section */
		9B3A1A5C1EFBFC370093CC20 /* Main.storyboard */ = {
			isa = PBXVariantGroup;
			children = (
				9B3A1A5D1EFBFC370093CC20 /* Base */,
			);
			name = Main.storyboard;
			sourceTree = "<group>";
		};
		9B3A1A611EFBFC370093CC20 /* LaunchScreen.storyboard */ = {
			isa = PBXVariantGroup;
			children = (
				9B3A1A621EFBFC370093CC20 /* Base */,
			);
			name = LaunchScreen.storyboard;
			sourceTree = "<group>";
		};
/* End PBXVariantGroup section */

/* Begin XCBuildConfiguration section */
		9B3A1A7B1EFBFC370093CC20 /* Debug */ = {
			isa = XCBuildConfiguration;
			buildSettings = {
				ALWAYS_SEARCH_USER_PATHS = NO;
				CLANG_ANALYZER_NONNULL = YES;
				CLANG_ANALYZER_NUMBER_OBJECT_CONVERSION = YES_AGGRESSIVE;
				CLANG_CXX_LANGUAGE_STANDARD = "gnu++0x";
				CLANG_CXX_LIBRARY = "libc++";
				CLANG_ENABLE_MODULES = YES;
				CLANG_ENABLE_OBJC_ARC = YES;
				CLANG_WARN_BOOL_CONVERSION = YES;
				CLANG_WARN_CONSTANT_CONVERSION = YES;
				CLANG_WARN_DIRECT_OBJC_ISA_USAGE = YES_ERROR;
				CLANG_WARN_DOCUMENTATION_COMMENTS = YES;
				CLANG_WARN_EMPTY_BODY = YES;
				CLANG_WARN_ENUM_CONVERSION = YES;
				CLANG_WARN_INFINITE_RECURSION = YES;
				CLANG_WARN_INT_CONVERSION = YES;
				CLANG_WARN_OBJC_ROOT_CLASS = YES_ERROR;
				CLANG_WARN_SUSPICIOUS_MOVE = YES;
				CLANG_WARN_UNREACHABLE_CODE = YES;
				CLANG_WARN__DUPLICATE_METHOD_MATCH = YES;
				"CODE_SIGN_IDENTITY[sdk=iphoneos*]" = "iPhone Developer";
				COPY_PHASE_STRIP = NO;
				DEBUG_INFORMATION_FORMAT = dwarf;
				ENABLE_STRICT_OBJC_MSGSEND = YES;
				ENABLE_TESTABILITY = YES;
				GCC_C_LANGUAGE_STANDARD = gnu99;
				GCC_DYNAMIC_NO_PIC = NO;
				GCC_NO_COMMON_BLOCKS = YES;
				GCC_OPTIMIZATION_LEVEL = 0;
				GCC_PREPROCESSOR_DEFINITIONS = (
					"DEBUG=1",
					"$(inherited)",
				);
				GCC_WARN_64_TO_32_BIT_CONVERSION = YES;
				GCC_WARN_ABOUT_RETURN_TYPE = YES_ERROR;
				GCC_WARN_UNDECLARED_SELECTOR = YES;
				GCC_WARN_UNINITIALIZED_AUTOS = YES_AGGRESSIVE;
				GCC_WARN_UNUSED_FUNCTION = YES;
				GCC_WARN_UNUSED_VARIABLE = YES;
				IPHONEOS_DEPLOYMENT_TARGET = 10.3;
				MTL_ENABLE_DEBUG_INFO = YES;
				ONLY_ACTIVE_ARCH = YES;
				SDKROOT = iphoneos;
				SWIFT_ACTIVE_COMPILATION_CONDITIONS = DEBUG;
				SWIFT_OPTIMIZATION_LEVEL = "-Onone";
			};
			name = Debug;
		};
		9B3A1A7C1EFBFC370093CC20 /* Release */ = {
			isa = XCBuildConfiguration;
			buildSettings = {
				ALWAYS_SEARCH_USER_PATHS = NO;
				CLANG_ANALYZER_NONNULL = YES;
				CLANG_ANALYZER_NUMBER_OBJECT_CONVERSION = YES_AGGRESSIVE;
				CLANG_CXX_LANGUAGE_STANDARD = "gnu++0x";
				CLANG_CXX_LIBRARY = "libc++";
				CLANG_ENABLE_MODULES = YES;
				CLANG_ENABLE_OBJC_ARC = YES;
				CLANG_WARN_BOOL_CONVERSION = YES;
				CLANG_WARN_CONSTANT_CONVERSION = YES;
				CLANG_WARN_DIRECT_OBJC_ISA_USAGE = YES_ERROR;
				CLANG_WARN_DOCUMENTATION_COMMENTS = YES;
				CLANG_WARN_EMPTY_BODY = YES;
				CLANG_WARN_ENUM_CONVERSION = YES;
				CLANG_WARN_INFINITE_RECURSION = YES;
				CLANG_WARN_INT_CONVERSION = YES;
				CLANG_WARN_OBJC_ROOT_CLASS = YES_ERROR;
				CLANG_WARN_SUSPICIOUS_MOVE = YES;
				CLANG_WARN_UNREACHABLE_CODE = YES;
				CLANG_WARN__DUPLICATE_METHOD_MATCH = YES;
				"CODE_SIGN_IDENTITY[sdk=iphoneos*]" = "iPhone Developer";
				COPY_PHASE_STRIP = NO;
				DEBUG_INFORMATION_FORMAT = "dwarf-with-dsym";
				ENABLE_NS_ASSERTIONS = NO;
				ENABLE_STRICT_OBJC_MSGSEND = YES;
				GCC_C_LANGUAGE_STANDARD = gnu99;
				GCC_NO_COMMON_BLOCKS = YES;
				GCC_WARN_64_TO_32_BIT_CONVERSION = YES;
				GCC_WARN_ABOUT_RETURN_TYPE = YES_ERROR;
				GCC_WARN_UNDECLARED_SELECTOR = YES;
				GCC_WARN_UNINITIALIZED_AUTOS = YES_AGGRESSIVE;
				GCC_WARN_UNUSED_FUNCTION = YES;
				GCC_WARN_UNUSED_VARIABLE = YES;
				IPHONEOS_DEPLOYMENT_TARGET = 10.3;
				MTL_ENABLE_DEBUG_INFO = NO;
				SDKROOT = iphoneos;
				SWIFT_OPTIMIZATION_LEVEL = "-Owholemodule";
				VALIDATE_PRODUCT = YES;
			};
			name = Release;
		};
		9B3A1A7E1EFBFC370093CC20 /* Debug */ = {
			isa = XCBuildConfiguration;
			buildSettings = {
				ASSETCATALOG_COMPILER_APPICON_NAME = AppIcon;
				DEVELOPMENT_TEAM = 2VJ845FGTT;
				INFOPLIST_FILE = intervaltimer/Info.plist;
				IPHONEOS_DEPLOYMENT_TARGET = 10.3;
				LD_RUNPATH_SEARCH_PATHS = "$(inherited) @executable_path/Frameworks";
				PRODUCT_BUNDLE_IDENTIFIER = "shota-NAOI.intervaltimer";
				PRODUCT_NAME = "$(TARGET_NAME)";
				SWIFT_VERSION = 3.0;
				TARGETED_DEVICE_FAMILY = 1;
			};
			name = Debug;
		};
		9B3A1A7F1EFBFC370093CC20 /* Release */ = {
			isa = XCBuildConfiguration;
			buildSettings = {
				ASSETCATALOG_COMPILER_APPICON_NAME = AppIcon;
				DEVELOPMENT_TEAM = 2VJ845FGTT;
				INFOPLIST_FILE = intervaltimer/Info.plist;
				IPHONEOS_DEPLOYMENT_TARGET = 10.3;
				LD_RUNPATH_SEARCH_PATHS = "$(inherited) @executable_path/Frameworks";
				PRODUCT_BUNDLE_IDENTIFIER = "shota-NAOI.intervaltimer";
				PRODUCT_NAME = "$(TARGET_NAME)";
				SWIFT_VERSION = 3.0;
				TARGETED_DEVICE_FAMILY = 1;
			};
			name = Release;
		};
		9B3A1A811EFBFC370093CC20 /* Debug */ = {
			isa = XCBuildConfiguration;
			buildSettings = {
				ALWAYS_EMBED_SWIFT_STANDARD_LIBRARIES = YES;
				BUNDLE_LOADER = "$(TEST_HOST)";
				INFOPLIST_FILE = intervaltimerTests/Info.plist;
				LD_RUNPATH_SEARCH_PATHS = "$(inherited) @executable_path/Frameworks @loader_path/Frameworks";
				PRODUCT_BUNDLE_IDENTIFIER = "shota-NAOI.intervaltimerTests";
				PRODUCT_NAME = "$(TARGET_NAME)";
				SWIFT_VERSION = 3.0;
				TEST_HOST = "$(BUILT_PRODUCTS_DIR)/intervaltimer.app/intervaltimer";
			};
			name = Debug;
		};
		9B3A1A821EFBFC370093CC20 /* Release */ = {
			isa = XCBuildConfiguration;
			buildSettings = {
				ALWAYS_EMBED_SWIFT_STANDARD_LIBRARIES = YES;
				BUNDLE_LOADER = "$(TEST_HOST)";
				INFOPLIST_FILE = intervaltimerTests/Info.plist;
				LD_RUNPATH_SEARCH_PATHS = "$(inherited) @executable_path/Frameworks @loader_path/Frameworks";
				PRODUCT_BUNDLE_IDENTIFIER = "shota-NAOI.intervaltimerTests";
				PRODUCT_NAME = "$(TARGET_NAME)";
				SWIFT_VERSION = 3.0;
				TEST_HOST = "$(BUILT_PRODUCTS_DIR)/intervaltimer.app/intervaltimer";
			};
			name = Release;
		};
		9B3A1A841EFBFC370093CC20 /* Debug */ = {
			isa = XCBuildConfiguration;
			buildSettings = {
				ALWAYS_EMBED_SWIFT_STANDARD_LIBRARIES = YES;
				INFOPLIST_FILE = intervaltimerUITests/Info.plist;
				LD_RUNPATH_SEARCH_PATHS = "$(inherited) @executable_path/Frameworks @loader_path/Frameworks";
				PRODUCT_BUNDLE_IDENTIFIER = "shota-NAOI.intervaltimerUITests";
				PRODUCT_NAME = "$(TARGET_NAME)";
				SWIFT_VERSION = 3.0;
				TEST_TARGET_NAME = intervaltimer;
			};
			name = Debug;
		};
		9B3A1A851EFBFC370093CC20 /* Release */ = {
			isa = XCBuildConfiguration;
			buildSettings = {
				ALWAYS_EMBED_SWIFT_STANDARD_LIBRARIES = YES;
				INFOPLIST_FILE = intervaltimerUITests/Info.plist;
				LD_RUNPATH_SEARCH_PATHS = "$(inherited) @executable_path/Frameworks @loader_path/Frameworks";
				PRODUCT_BUNDLE_IDENTIFIER = "shota-NAOI.intervaltimerUITests";
				PRODUCT_NAME = "$(TARGET_NAME)";
				SWIFT_VERSION = 3.0;
				TEST_TARGET_NAME = intervaltimer;
			};
			name = Release;
		};
/* End XCBuildConfiguration section */

/* Begin XCConfigurationList section */
		9B3A1A501EFBFC370093CC20 /* Build configuration list for PBXProject "intervaltimer" */ = {
			isa = XCConfigurationList;
			buildConfigurations = (
				9B3A1A7B1EFBFC370093CC20 /* Debug */,
				9B3A1A7C1EFBFC370093CC20 /* Release */,
			);
			defaultConfigurationIsVisible = 0;
			defaultConfigurationName = Release;
		};
		9B3A1A7D1EFBFC370093CC20 /* Build configuration list for PBXNativeTarget "intervaltimer" */ = {
			isa = XCConfigurationList;
			buildConfigurations = (
				9B3A1A7E1EFBFC370093CC20 /* Debug */,
				9B3A1A7F1EFBFC370093CC20 /* Release */,
			);
			defaultConfigurationIsVisible = 0;
			defaultConfigurationName = Release;
		};
		9B3A1A801EFBFC370093CC20 /* Build configuration list for PBXNativeTarget "intervaltimerTests" */ = {
			isa = XCConfigurationList;
			buildConfigurations = (
				9B3A1A811EFBFC370093CC20 /* Debug */,
				9B3A1A821EFBFC370093CC20 /* Release */,
			);
			defaultConfigurationIsVisible = 0;
			defaultConfigurationName = Release;
		};
		9B3A1A831EFBFC370093CC20 /* Build configuration list for PBXNativeTarget "intervaltimerUITests" */ = {
			isa = XCConfigurationList;
			buildConfigurations = (
				9B3A1A841EFBFC370093CC20 /* Debug */,
				9B3A1A851EFBFC370093CC20 /* Release */,
			);
			defaultConfigurationIsVisible = 0;
			defaultConfigurationName = Release;
		};
/* End XCConfigurationList section */
	};
	rootObject = 9B3A1A4D1EFBFC370093CC20 /* Project object */;
}
